
Microsoft Visual Studio Solution File, Format Version 12.00
# Visual Studio Version 16
VisualStudioVersion = 16.0.29411.138
MinimumVisualStudioVersion = 10.0.40219.1
Project("{FAE04EC0-301F-11D3-BF4B-00C04F79EFBC}") = "OnPlatformPractice.UWP", "OnPlatformPractice\OnPlatformPractice.UWP\OnPlatformPractice.UWP.csproj", "{1F9A981C-9E7C-4EFA-848E-463389FE1412}"
EndProject
Project("{FAE04EC0-301F-11D3-BF4B-00C04F79EFBC}") = "OnPlatformPractice.Android", "OnPlatformPractice\OnPlatformPractice.Android\OnPlatformPractice.Android.csproj", "{56AA55A1-F9F6-45D9-9F2E-3C172200E7E6}"
EndProject
Project("{FAE04EC0-301F-11D3-BF4B-00C04F79EFBC}") = "OnPlatformPractice.iOS", "OnPlatformPractice\OnPlatformPractice.iOS\OnPlatformPractice.iOS.csproj", "{1E19E909-97F8-4917-96D3-5060F91E951F}"
EndProject
Project("{FAE04EC0-301F-11D3-BF4B-00C04F79EFBC}") = "OnPlatformPractice", "OnPlatformPractice\OnPlatformPractice\OnPlatformPractice.csproj", "{219530DF-9DF9-4295-A4C1-98931FD7047E}"
EndProject
Global
	GlobalSection(SolutionConfigurationPlatforms) = preSolution
		Debug|Any CPU = Debug|Any CPU
		Debug|ARM = Debug|ARM
		Debug|iPhone = Debug|iPhone
		Debug|iPhoneSimulator = Debug|iPhoneSimulator
		Debug|x64 = Debug|x64
		Debug|x86 = Debug|x86
		Release|Any CPU = Release|Any CPU
		Release|ARM = Release|ARM
		Release|iPhone = Release|iPhone
		Release|iPhoneSimulator = Release|iPhoneSimulator
		Release|x64 = Release|x64
		Release|x86 = Release|x86
	EndGlobalSection
	GlobalSection(ProjectConfigurationPlatforms) = postSolution
		{1F9A981C-9E7C-4EFA-848E-463389FE1412}.Debug|Any CPU.ActiveCfg = Debug|x86
		{1F9A981C-9E7C-4EFA-848E-463389FE1412}.Debug|Any CPU.Build.0 = Debug|x86
		{1F9A981C-9E7C-4EFA-848E-463389FE1412}.Debug|Any CPU.Deploy.0 = Debug|x86
		{1F9A981C-9E7C-4EFA-848E-463389FE1412}.Debug|ARM.ActiveCfg = Debug|ARM
		{1F9A981C-9E7C-4EFA-848E-463389FE1412}.Debug|ARM.Build.0 = Debug|ARM
		{1F9A981C-9E7C-4EFA-848E-463389FE1412}.Debug|ARM.Deploy.0 = Debug|ARM
		{1F9A981C-9E7C-4EFA-848E-463389FE1412}.Debug|iPhone.ActiveCfg = Debug|x86
		{1F9A981C-9E7C-4EFA-848E-463389FE1412}.Debug|iPhone.Build.0 = Debug|x86
		{1F9A981C-9E7C-4EFA-848E-463389FE1412}.Debug|iPhone.Deploy.0 = Debug|x86
		{1F9A981C-9E7C-4EFA-848E-463389FE1412}.Debug|iPhoneSimulator.ActiveCfg = Debug|x86
		{1F9A981C-9E7C-4EFA-848E-463389FE1412}.Debug|iPhoneSimulator.Build.0 = Debug|x86
		{1F9A981C-9E7C-4EFA-848E-463389FE1412}.Debug|iPhoneSimulator.Deploy.0 = Debug|x86
		{1F9A981C-9E7C-4EFA-848E-463389FE1412}.Debug|x64.ActiveCfg = Debug|x64
		{1F9A981C-9E7C-4EFA-848E-463389FE1412}.Debug|x64.Build.0 = Debug|x64
		{1F9A981C-9E7C-4EFA-848E-463389FE1412}.Debug|x64.Deploy.0 = Debug|x64
		{1F9A981C-9E7C-4EFA-848E-463389FE1412}.Debug|x86.ActiveCfg = Debug|x86
		{1F9A981C-9E7C-4EFA-848E-463389FE1412}.Debug|x86.Build.0 = Debug|x86
		{1F9A981C-9E7C-4EFA-848E-463389FE1412}.Debug|x86.Deploy.0 = Debug|x86
		{1F9A981C-9E7C-4EFA-848E-463389FE1412}.Release|Any CPU.ActiveCfg = Release|x86
		{1F9A981C-9E7C-4EFA-848E-463389FE1412}.Release|Any CPU.Build.0 = Release|x86
		{1F9A981C-9E7C-4EFA-848E-463389FE1412}.Release|Any CPU.Deploy.0 = Release|x86
		{1F9A981C-9E7C-4EFA-848E-463389FE1412}.Release|ARM.ActiveCfg = Release|ARM
		{1F9A981C-9E7C-4EFA-848E-463389FE1412}.Release|ARM.Build.0 = Release|ARM
		{1F9A981C-9E7C-4EFA-848E-463389FE1412}.Release|ARM.Deploy.0 = Release|ARM
		{1F9A981C-9E7C-4EFA-848E-463389FE1412}.Release|iPhone.ActiveCfg = Release|x86
		{1F9A981C-9E7C-4EFA-848E-463389FE1412}.Release|iPhone.Build.0 = Release|x86
		{1F9A981C-9E7C-4EFA-848E-463389FE1412}.Release|iPhone.Deploy.0 = Release|x86
		{1F9A981C-9E7C-4EFA-848E-463389FE1412}.Release|iPhoneSimulator.ActiveCfg = Release|x86
		{1F9A981C-9E7C-4EFA-848E-463389FE1412}.Release|iPhoneSimulator.Build.0 = Release|x86
		{1F9A981C-9E7C-4EFA-848E-463389FE1412}.Release|iPhoneSimulator.Deploy.0 = Release|x86
		{1F9A981C-9E7C-4EFA-848E-463389FE1412}.Release|x64.ActiveCfg = Release|x64
		{1F9A981C-9E7C-4EFA-848E-463389FE1412}.Release|x64.Build.0 = Release|x64
		{1F9A981C-9E7C-4EFA-848E-463389FE1412}.Release|x64.Deploy.0 = Release|x64
		{1F9A981C-9E7C-4EFA-848E-463389FE1412}.Release|x86.ActiveCfg = Release|x86
		{1F9A981C-9E7C-4EFA-848E-463389FE1412}.Release|x86.Build.0 = Release|x86
		{1F9A981C-9E7C-4EFA-848E-463389FE1412}.Release|x86.Deploy.0 = Release|x86
		{56AA55A1-F9F6-45D9-9F2E-3C172200E7E6}.Debug|Any CPU.ActiveCfg = Debug|Any CPU
		{56AA55A1-F9F6-45D9-9F2E-3C172200E7E6}.Debug|Any CPU.Build.0 = Debug|Any CPU
		{56AA55A1-F9F6-45D9-9F2E-3C172200E7E6}.Debug|Any CPU.Deploy.0 = Debug|Any CPU
		{56AA55A1-F9F6-45D9-9F2E-3C172200E7E6}.Debug|ARM.ActiveCfg = Debug|Any CPU
		{56AA55A1-F9F6-45D9-9F2E-3C172200E7E6}.Debug|ARM.Build.0 = Debug|Any CPU
		{56AA55A1-F9F6-45D9-9F2E-3C172200E7E6}.Debug|ARM.Deploy.0 = Debug|Any CPU
		{56AA55A1-F9F6-45D9-9F2E-3C172200E7E6}.Debug|iPhone.ActiveCfg = Debug|Any CPU
		{56AA55A1-F9F6-45D9-9F2E-3C172200E7E6}.Debug|iPhone.Build.0 = Debug|Any CPU
		{56AA55A1-F9F6-45D9-9F2E-3C172200E7E6}.Debug|iPhone.Deploy.0 = Debug|Any CPU
		{56AA55A1-F9F6-45D9-9F2E-3C172200E7E6}.Debug|iPhoneSimulator.ActiveCfg = Debug|Any CPU
		{56AA55A1-F9F6-45D9-9F2E-3C172200E7E6}.Debug|iPhoneSimulator.Build.0 = Debug|Any CPU
		{56AA55A1-F9F6-45D9-9F2E-3C172200E7E6}.Debug|iPhoneSimulator.Deploy.0 = Debug|Any CPU
		{56AA55A1-F9F6-45D9-9F2E-3C172200E7E6}.Debug|x64.ActiveCfg = Debug|Any CPU
		{56AA55A1-F9F6-45D9-9F2E-3C172200E7E6}.Debug|x64.Build.0 = Debug|Any CPU
		{56AA55A1-F9F6-45D9-9F2E-3C172200E7E6}.Debug|x64.Deploy.0 = Debug|Any CPU
		{56AA55A1-F9F6-45D9-9F2E-3C172200E7E6}.Debug|x86.ActiveCfg = Debug|Any CPU
		{56AA55A1-F9F6-45D9-9F2E-3C172200E7E6}.Debug|x86.Build.0 = Debug|Any CPU
		{56AA55A1-F9F6-45D9-9F2E-3C172200E7E6}.Debug|x86.Deploy.0 = Debug|Any CPU
		{56AA55A1-F9F6-45D9-9F2E-3C172200E7E6}.Release|Any CPU.ActiveCfg = Release|Any CPU
		{56AA55A1-F9F6-45D9-9F2E-3C172200E7E6}.Release|Any CPU.Build.0 = Release|Any CPU
		{56AA55A1-F9F6-45D9-9F2E-3C172200E7E6}.Release|Any CPU.Deploy.0 = Release|Any CPU
		{56AA55A1-F9F6-45D9-9F2E-3C172200E7E6}.Release|ARM.ActiveCfg = Release|Any CPU
		{56AA55A1-F9F6-45D9-9F2E-3C172200E7E6}.Release|ARM.Build.0 = Release|Any CPU
		{56AA55A1-F9F6-45D9-9F2E-3C172200E7E6}.Release|ARM.Deploy.0 = Release|Any CPU
		{56AA55A1-F9F6-45D9-9F2E-3C172200E7E6}.Release|iPhone.ActiveCfg = Release|Any CPU
		{56AA55A1-F9F6-45D9-9F2E-3C172200E7E6}.Release|iPhone.Build.0 = Release|Any CPU
		{56AA55A1-F9F6-45D9-9F2E-3C172200E7E6}.Release|iPhone.Deploy.0 = Release|Any CPU
		{56AA55A1-F9F6-45D9-9F2E-3C172200E7E6}.Release|iPhoneSimulator.ActiveCfg = Release|Any CPU
		{56AA55A1-F9F6-45D9-9F2E-3C172200E7E6}.Release|iPhoneSimulator.Build.0 = Release|Any CPU
		{56AA55A1-F9F6-45D9-9F2E-3C172200E7E6}.Release|iPhoneSimulator.Deploy.0 = Release|Any CPU
		{56AA55A1-F9F6-45D9-9F2E-3C172200E7E6}.Release|x64.ActiveCfg = Release|Any CPU
		{56AA55A1-F9F6-45D9-9F2E-3C172200E7E6}.Release|x64.Build.0 = Release|Any CPU
		{56AA55A1-F9F6-45D9-9F2E-3C172200E7E6}.Release|x64.Deploy.0 = Release|Any CPU
		{56AA55A1-F9F6-45D9-9F2E-3C172200E7E6}.Release|x86.ActiveCfg = Release|Any CPU
		{56AA55A1-F9F6-45D9-9F2E-3C172200E7E6}.Release|x86.Build.0 = Release|Any CPU
		{56AA55A1-F9F6-45D9-9F2E-3C172200E7E6}.Release|x86.Deploy.0 = Release|Any CPU
		{1E19E909-97F8-4917-96D3-5060F91E951F}.Debug|Any CPU.ActiveCfg = Debug|iPhone
		{1E19E909-97F8-4917-96D3-5060F91E951F}.Debug|Any CPU.Build.0 = Debug|iPhone
		{1E19E909-97F8-4917-96D3-5060F91E951F}.Debug|Any CPU.Deploy.0 = Debug|iPhone
		{1E19E909-97F8-4917-96D3-5060F91E951F}.Debug|ARM.ActiveCfg = Debug|iPhoneSimulator
		{1E19E909-97F8-4917-96D3-5060F91E951F}.Debug|ARM.Build.0 = Debug|iPhoneSimulator
		{1E19E909-97F8-4917-96D3-5060F91E951F}.Debug|ARM.Deploy.0 = Debug|iPhoneSimulator
		{1E19E909-97F8-4917-96D3-5060F91E951F}.Debug|iPhone.ActiveCfg = Debug|iPhone
		{1E19E909-97F8-4917-96D3-5060F91E951F}.Debug|iPhone.Build.0 = Debug|iPhone
		{1E19E909-97F8-4917-96D3-5060F91E951F}.Debug|iPhone.Deploy.0 = Debug|iPhone
		{1E19E909-97F8-4917-96D3-5060F91E951F}.Debug|iPhoneSimulator.ActiveCfg = Debug|iPhoneSimulator
		{1E19E909-97F8-4917-96D3-5060F91E951F}.Debug|iPhoneSimulator.Build.0 = Debug|iPhoneSimulator
		{1E19E909-97F8-4917-96D3-5060F91E951F}.Debug|iPhoneSimulator.Deploy.0 = Debug|iPhoneSimulator
		{1E19E909-97F8-4917-96D3-5060F91E951F}.Debug|x64.ActiveCfg = Debug|iPhone
		{1E19E909-97F8-4917-96D3-5060F91E951F}.Debug|x64.Build.0 = Debug|iPhone
		{1E19E909-97F8-4917-96D3-5060F91E951F}.Debug|x64.Deploy.0 = Debug|iPhone
		{1E19E909-97F8-4917-96D3-5060F91E951F}.Debug|x86.ActiveCfg = Debug|iPhone
		{1E19E909-97F8-4917-96D3-5060F91E951F}.Debug|x86.Build.0 = Debug|iPhone
		{1E19E909-97F8-4917-96D3-5060F91E951F}.Debug|x86.Deploy.0 = Debug|iPhone
		{1E19E909-97F8-4917-96D3-5060F91E951F}.Release|Any CPU.ActiveCfg = Release|iPhone
		{1E19E909-97F8-4917-96D3-5060F91E951F}.Release|Any CPU.Build.0 = Release|iPhone
		{1E19E909-97F8-4917-96D3-5060F91E951F}.Release|Any CPU.Deploy.0 = Release|iPhone
		{1E19E909-97F8-4917-96D3-5060F91E951F}.Release|ARM.ActiveCfg = Release|iPhone
		{1E19E909-97F8-4917-96D3-5060F91E951F}.Release|ARM.Build.0 = Release|iPhone
		{1E19E909-97F8-4917-96D3-5060F91E951F}.Release|ARM.Deploy.0 = Release|iPhone
		{1E19E909-97F8-4917-96D3-5060F91E951F}.Release|iPhone.ActiveCfg = Release|iPhone
		{1E19E909-97F8-4917-96D3-5060F91E951F}.Release|iPhone.Build.0 = Release|iPhone
		{1E19E909-97F8-4917-96D3-5060F91E951F}.Release|iPhone.Deploy.0 = Release|iPhone
		{1E19E909-97F8-4917-96D3-5060F91E951F}.Release|iPhoneSimulator.ActiveCfg = Release|iPhoneSimulator
		{1E19E909-97F8-4917-96D3-5060F91E951F}.Release|iPhoneSimulator.Build.0 = Release|iPhoneSimulator
		{1E19E909-97F8-4917-96D3-5060F91E951F}.Release|iPhoneSimulator.Deploy.0 = Release|iPhoneSimulator
		{1E19E909-97F8-4917-96D3-5060F91E951F}.Release|x64.ActiveCfg = Release|iPhone
		{1E19E909-97F8-4917-96D3-5060F91E951F}.Release|x64.Build.0 = Release|iPhone
		{1E19E909-97F8-4917-96D3-5060F91E951F}.Release|x64.Deploy.0 = Release|iPhone
		{1E19E909-97F8-4917-96D3-5060F91E951F}.Release|x86.ActiveCfg = Release|iPhone
		{1E19E909-97F8-4917-96D3-5060F91E951F}.Release|x86.Build.0 = Release|iPhone
		{1E19E909-97F8-4917-96D3-5060F91E951F}.Release|x86.Deploy.0 = Release|iPhone
		{219530DF-9DF9-4295-A4C1-98931FD7047E}.Debug|Any CPU.ActiveCfg = Debug|Any CPU
		{219530DF-9DF9-4295-A4C1-98931FD7047E}.Debug|Any CPU.Build.0 = Debug|Any CPU
		{219530DF-9DF9-4295-A4C1-98931FD7047E}.Debug|Any CPU.Deploy.0 = Debug|Any CPU
		{219530DF-9DF9-4295-A4C1-98931FD7047E}.Debug|ARM.ActiveCfg = Debug|Any CPU
		{219530DF-9DF9-4295-A4C1-98931FD7047E}.Debug|ARM.Build.0 = Debug|Any CPU
		{219530DF-9DF9-4295-A4C1-98931FD7047E}.Debug|ARM.Deploy.0 = Debug|Any CPU
		{219530DF-9DF9-4295-A4C1-98931FD7047E}.Debug|iPhone.ActiveCfg = Debug|Any CPU
		{219530DF-9DF9-4295-A4C1-98931FD7047E}.Debug|iPhone.Build.0 = Debug|Any CPU
		{219530DF-9DF9-4295-A4C1-98931FD7047E}.Debug|iPhone.Deploy.0 = Debug|Any CPU
		{219530DF-9DF9-4295-A4C1-98931FD7047E}.Debug|iPhoneSimulator.ActiveCfg = Debug|Any CPU
		{219530DF-9DF9-4295-A4C1-98931FD7047E}.Debug|iPhoneSimulator.Build.0 = Debug|Any CPU
		{219530DF-9DF9-4295-A4C1-98931FD7047E}.Debug|iPhoneSimulator.Deploy.0 = Debug|Any CPU
		{219530DF-9DF9-4295-A4C1-98931FD7047E}.Debug|x64.ActiveCfg = Debug|Any CPU
		{219530DF-9DF9-4295-A4C1-98931FD7047E}.Debug|x64.Build.0 = Debug|Any CPU
		{219530DF-9DF9-4295-A4C1-98931FD7047E}.Debug|x64.Deploy.0 = Debug|Any CPU
		{219530DF-9DF9-4295-A4C1-98931FD7047E}.Debug|x86.ActiveCfg = Debug|Any CPU
		{219530DF-9DF9-4295-A4C1-98931FD7047E}.Debug|x86.Build.0 = Debug|Any CPU
		{219530DF-9DF9-4295-A4C1-98931FD7047E}.Debug|x86.Deploy.0 = Debug|Any CPU
		{219530DF-9DF9-4295-A4C1-98931FD7047E}.Release|Any CPU.ActiveCfg = Release|Any CPU
		{219530DF-9DF9-4295-A4C1-98931FD7047E}.Release|Any CPU.Build.0 = Release|Any CPU
		{219530DF-9DF9-4295-A4C1-98931FD7047E}.Release|Any CPU.Deploy.0 = Release|Any CPU
		{219530DF-9DF9-4295-A4C1-98931FD7047E}.Release|ARM.ActiveCfg = Release|Any CPU
		{219530DF-9DF9-4295-A4C1-98931FD7047E}.Release|ARM.Build.0 = Release|Any CPU
		{219530DF-9DF9-4295-A4C1-98931FD7047E}.Release|ARM.Deploy.0 = Release|Any CPU
		{219530DF-9DF9-4295-A4C1-98931FD7047E}.Release|iPhone.ActiveCfg = Release|Any CPU
		{219530DF-9DF9-4295-A4C1-98931FD7047E}.Release|iPhone.Build.0 = Release|Any CPU
		{219530DF-9DF9-4295-A4C1-98931FD7047E}.Release|iPhone.Deploy.0 = Release|Any CPU
		{219530DF-9DF9-4295-A4C1-98931FD7047E}.Release|iPhoneSimulator.ActiveCfg = Release|Any CPU
		{219530DF-9DF9-4295-A4C1-98931FD7047E}.Release|iPhoneSimulator.Build.0 = Release|Any CPU
		{219530DF-9DF9-4295-A4C1-98931FD7047E}.Release|iPhoneSimulator.Deploy.0 = Release|Any CPU
		{219530DF-9DF9-4295-A4C1-98931FD7047E}.Release|x64.ActiveCfg = Release|Any CPU
		{219530DF-9DF9-4295-A4C1-98931FD7047E}.Release|x64.Build.0 = Release|Any CPU
		{219530DF-9DF9-4295-A4C1-98931FD7047E}.Release|x64.Deploy.0 = Release|Any CPU
		{219530DF-9DF9-4295-A4C1-98931FD7047E}.Release|x86.ActiveCfg = Release|Any CPU
		{219530DF-9DF9-4295-A4C1-98931FD7047E}.Release|x86.Build.0 = Release|Any CPU
		{219530DF-9DF9-4295-A4C1-98931FD7047E}.Release|x86.Deploy.0 = Release|Any CPU
	EndGlobalSection
	GlobalSection(SolutionProperties) = preSolution
		HideSolutionNode = FALSE
	EndGlobalSection
	GlobalSection(ExtensibilityGlobals) = postSolution
		SolutionGuid = {4490FBA3-353C-42B0-9CFF-4BE2AD9E46C1}
	EndGlobalSection
EndGlobal
